
Microsoft Visual Studio Solution File, Format Version 12.00
# Visual Studio Version 17
VisualStudioVersion = 17.5.002.0
MinimumVisualStudioVersion = 10.0.40219.1
Project("{9A19103F-16F7-4668-BE54-9A1E7A4F7556}") = "first-asbnetcore", "first-asbnetcore.csproj", "{B80B9CF5-3534-4210-97E3-6EDF4942AD5E}"
EndProject
Global
	GlobalSection(SolutionConfigurationPlatforms) = preSolution
		Debug|Any CPU = Debug|Any CPU
		Release|Any CPU = Release|Any CPU
	EndGlobalSection
	GlobalSection(ProjectConfigurationPlatforms) = postSolution
		{B80B9CF5-3534-4210-97E3-6EDF4942AD5E}.Debug|Any CPU.ActiveCfg = Debug|Any CPU
		{B80B9CF5-3534-4210-97E3-6EDF4942AD5E}.Debug|Any CPU.Build.0 = Debug|Any CPU
		{B80B9CF5-3534-4210-97E3-6EDF4942AD5E}.Release|Any CPU.ActiveCfg = Release|Any CPU
		{B80B9CF5-3534-4210-97E3-6EDF4942AD5E}.Release|Any CPU.Build.0 = Release|Any CPU
	EndGlobalSection
	GlobalSection(SolutionProperties) = preSolution
		HideSolutionNode = FALSE
	EndGlobalSection
	GlobalSection(ExtensibilityGlobals) = postSolution
		SolutionGuid = {95D3431B-6EAE-4977-B79D-925CB7CD76DF}
	EndGlobalSection
EndGlobal
